// !$*UTF8*$!
{
	archiveVersion = 1;
	classes = {
	};
	objectVersion = 50;
	objects = {

/* Begin PBXBuildFile section */
		8576B1D72347C6320073A0F6 /* AppDelegate.swift in Sources */ = {isa = PBXBuildFile; fileRef = 8576B1D62347C6320073A0F6 /* AppDelegate.swift */; };
		8576B1D92347C6320073A0F6 /* SceneDelegate.swift in Sources */ = {isa = PBXBuildFile; fileRef = 8576B1D82347C6320073A0F6 /* SceneDelegate.swift */; };
		8576B1DB2347C6320073A0F6 /* ViewController.swift in Sources */ = {isa = PBXBuildFile; fileRef = 8576B1DA2347C6320073A0F6 /* ViewController.swift */; };
		8576B1DE2347C6320073A0F6 /* Main.storyboard in Resources */ = {isa = PBXBuildFile; fileRef = 8576B1DC2347C6320073A0F6 /* Main.storyboard */; };
		8576B1E02347C6330073A0F6 /* Assets.xcassets in Resources */ = {isa = PBXBuildFile; fileRef = 8576B1DF2347C6330073A0F6 /* Assets.xcassets */; };
		8576B1E32347C6330073A0F6 /* LaunchScreen.storyboard in Resources */ = {isa = PBXBuildFile; fileRef = 8576B1E12347C6330073A0F6 /* LaunchScreen.storyboard */; };
		8576B1EE2347C6340073A0F6 /* Photo_AssesmentTests.swift in Sources */ = {isa = PBXBuildFile; fileRef = 8576B1ED2347C6340073A0F6 /* Photo_AssesmentTests.swift */; };
/* End PBXBuildFile section */

/* Begin PBXContainerItemProxy section */
		8576B1EA2347C6340073A0F6 /* PBXContainerItemProxy */ = {
			isa = PBXContainerItemProxy;
			containerPortal = 8576B1CB2347C6320073A0F6 /* Project object */;
			proxyType = 1;
			remoteGlobalIDString = 8576B1D22347C6320073A0F6;
			remoteInfo = Photo_Assesment;
		};
/* End PBXContainerItemProxy section */

/* Begin PBXFileReference section */
		8576B1D32347C6320073A0F6 /* Photo_Assesment.app */ = {isa = PBXFileReference; explicitFileType = wrapper.application; includeInIndex = 0; path = Photo_Assesment.app; sourceTree = BUILT_PRODUCTS_DIR; };
		8576B1D62347C6320073A0F6 /* AppDelegate.swift */ = {isa = PBXFileReference; lastKnownFileType = sourcecode.swift; path = AppDelegate.swift; sourceTree = "<group>"; };
		8576B1D82347C6320073A0F6 /* SceneDelegate.swift */ = {isa = PBXFileReference; lastKnownFileType = sourcecode.swift; path = SceneDelegate.swift; sourceTree = "<group>"; };
		8576B1DA2347C6320073A0F6 /* ViewController.swift */ = {isa = PBXFileReference; lastKnownFileType = sourcecode.swift; path = ViewController.swift; sourceTree = "<group>"; };
		8576B1DD2347C6320073A0F6 /* Base */ = {isa = PBXFileReference; lastKnownFileType = file.storyboard; name = Base; path = Base.lproj/Main.storyboard; sourceTree = "<group>"; };
		8576B1DF2347C6330073A0F6 /* Assets.xcassets */ = {isa = PBXFileReference; lastKnownFileType = folder.assetcatalog; path = Assets.xcassets; sourceTree = "<group>"; };
		8576B1E22347C6330073A0F6 /* Base */ = {isa = PBXFileReference; lastKnownFileType = file.storyboard; name = Base; path = Base.lproj/LaunchScreen.storyboard; sourceTree = "<group>"; };
		8576B1E42347C6330073A0F6 /* Info.plist */ = {isa = PBXFileReference; lastKnownFileType = text.plist.xml; path = Info.plist; sourceTree = "<group>"; };
		8576B1E92347C6340073A0F6 /* Photo_AssesmentTests.xctest */ = {isa = PBXFileReference; explicitFileType = wrapper.cfbundle; includeInIndex = 0; path = Photo_AssesmentTests.xctest; sourceTree = BUILT_PRODUCTS_DIR; };
		8576B1ED2347C6340073A0F6 /* Photo_AssesmentTests.swift */ = {isa = PBXFileReference; lastKnownFileType = sourcecode.swift; path = Photo_AssesmentTests.swift; sourceTree = "<group>"; };
		8576B1EF2347C6340073A0F6 /* Info.plist */ = {isa = PBXFileReference; lastKnownFileType = text.plist.xml; path = Info.plist; sourceTree = "<group>"; };
/* End PBXFileReference section */

/* Begin PBXFrameworksBuildPhase section */
		8576B1D02347C6320073A0F6 /* Frameworks */ = {
			isa = PBXFrameworksBuildPhase;
			buildActionMask = 2147483647;
			files = (
			);
			runOnlyForDeploymentPostprocessing = 0;
		};
		8576B1E62347C6340073A0F6 /* Frameworks */ = {
			isa = PBXFrameworksBuildPhase;
			buildActionMask = 2147483647;
			files = (
			);
			runOnlyForDeploymentPostprocessing = 0;
		};
/* End PBXFrameworksBuildPhase section */

/* Begin PBXGroup section */
		8576B1CA2347C6320073A0F6 = {
			isa = PBXGroup;
			children = (
				8576B1D52347C6320073A0F6 /* Photo_Assesment */,
				8576B1EC2347C6340073A0F6 /* Photo_AssesmentTests */,
				8576B1D42347C6320073A0F6 /* Products */,
			);
			sourceTree = "<group>";
		};
		8576B1D42347C6320073A0F6 /* Products */ = {
			isa = PBXGroup;
			children = (
				8576B1D32347C6320073A0F6 /* Photo_Assesment.app */,
				8576B1E92347C6340073A0F6 /* Photo_AssesmentTests.xctest */,
			);
			name = Products;
			sourceTree = "<group>";
		};
		8576B1D52347C6320073A0F6 /* Photo_Assesment */ = {
			isa = PBXGroup;
			children = (
				8576B1D62347C6320073A0F6 /* AppDelegate.swift */,
				8576B1D82347C6320073A0F6 /* SceneDelegate.swift */,
				8576B1DA2347C6320073A0F6 /* ViewController.swift */,
				8576B1DC2347C6320073A0F6 /* Main.storyboard */,
				8576B1DF2347C6330073A0F6 /* Assets.xcassets */,
				8576B1E12347C6330073A0F6 /* LaunchScreen.storyboard */,
				8576B1E42347C6330073A0F6 /* Info.plist */,
			);
			path = Photo_Assesment;
			sourceTree = "<group>";
		};
		8576B1EC2347C6340073A0F6 /* Photo_AssesmentTests */ = {
			isa = PBXGroup;
			children = (
				8576B1ED2347C6340073A0F6 /* Photo_AssesmentTests.swift */,
				8576B1EF2347C6340073A0F6 /* Info.plist */,
			);
			path = Photo_AssesmentTests;
			sourceTree = "<group>";
		};
/* End PBXGroup section */

/* Begin PBXNativeTarget section */
		8576B1D22347C6320073A0F6 /* Photo_Assesment */ = {
			isa = PBXNativeTarget;
			buildConfigurationList = 8576B1F22347C6340073A0F6 /* Build configuration list for PBXNativeTarget "Photo_Assesment" */;
			buildPhases = (
				8576B1CF2347C6320073A0F6 /* Sources */,
				8576B1D02347C6320073A0F6 /* Frameworks */,
				8576B1D12347C6320073A0F6 /* Resources */,
			);
			buildRules = (
			);
			dependencies = (
			);
			name = Photo_Assesment;
			productName = Photo_Assesment;
			productReference = 8576B1D32347C6320073A0F6 /* Photo_Assesment.app */;
			productType = "com.apple.product-type.application";
		};
		8576B1E82347C6340073A0F6 /* Photo_AssesmentTests */ = {
			isa = PBXNativeTarget;
			buildConfigurationList = 8576B1F52347C6340073A0F6 /* Build configuration list for PBXNativeTarget "Photo_AssesmentTests" */;
			buildPhases = (
				8576B1E52347C6340073A0F6 /* Sources */,
				8576B1E62347C6340073A0F6 /* Frameworks */,
				8576B1E72347C6340073A0F6 /* Resources */,
			);
			buildRules = (
			);
			dependencies = (
				8576B1EB2347C6340073A0F6 /* PBXTargetDependency */,
			);
			name = Photo_AssesmentTests;
			productName = Photo_AssesmentTests;
			productReference = 8576B1E92347C6340073A0F6 /* Photo_AssesmentTests.xctest */;
			productType = "com.apple.product-type.bundle.unit-test";
		};
/* End PBXNativeTarget section */

/* Begin PBXProject section */
		8576B1CB2347C6320073A0F6 /* Project object */ = {
			isa = PBXProject;
			attributes = {
				LastSwiftUpdateCheck = 1100;
				LastUpgradeCheck = 1100;
				ORGANIZATIONNAME = EricM;
				TargetAttributes = {
					8576B1D22347C6320073A0F6 = {
						CreatedOnToolsVersion = 11.0;
					};
					8576B1E82347C6340073A0F6 = {
						CreatedOnToolsVersion = 11.0;
						TestTargetID = 8576B1D22347C6320073A0F6;
					};
				};
			};
			buildConfigurationList = 8576B1CE2347C6320073A0F6 /* Build configuration list for PBXProject "Photo_Assesment" */;
			compatibilityVersion = "Xcode 9.3";
			developmentRegion = en;
			hasScannedForEncodings = 0;
			knownRegions = (
				en,
				Base,
			);
			mainGroup = 8576B1CA2347C6320073A0F6;
			productRefGroup = 8576B1D42347C6320073A0F6 /* Products */;
			projectDirPath = "";
			projectRoot = "";
			targets = (
				8576B1D22347C6320073A0F6 /* Photo_Assesment */,
				8576B1E82347C6340073A0F6 /* Photo_AssesmentTests */,
			);
		};
/* End PBXProject section */

/* Begin PBXResourcesBuildPhase section */
		8576B1D12347C6320073A0F6 /* Resources */ = {
			isa = PBXResourcesBuildPhase;
			buildActionMask = 2147483647;
			files = (
				8576B1E32347C6330073A0F6 /* LaunchScreen.storyboard in Resources */,
				8576B1E02347C6330073A0F6 /* Assets.xcassets in Resources */,
				8576B1DE2347C6320073A0F6 /* Main.storyboard in Resources */,
			);
			runOnlyForDeploymentPostprocessing = 0;
		};
		8576B1E72347C6340073A0F6 /* Resources */ = {
			isa = PBXResourcesBuildPhase;
			buildActionMask = 2147483647;
			files = (
			);
			runOnlyForDeploymentPostprocessing = 0;
		};
/* End PBXResourcesBuildPhase section */

/* Begin PBXSourcesBuildPhase section */
		8576B1CF2347C6320073A0F6 /* Sources */ = {
			isa = PBXSourcesBuildPhase;
			buildActionMask = 2147483647;
			files = (
				8576B1DB2347C6320073A0F6 /* ViewController.swift in Sources */,
				8576B1D72347C6320073A0F6 /* AppDelegate.swift in Sources */,
				8576B1D92347C6320073A0F6 /* SceneDelegate.swift in Sources */,
			);
			runOnlyForDeploymentPostprocessing = 0;
		};
		8576B1E52347C6340073A0F6 /* Sources */ = {
			isa = PBXSourcesBuildPhase;
			buildActionMask = 2147483647;
			files = (
				8576B1EE2347C6340073A0F6 /* Photo_AssesmentTests.swift in Sources */,
			);
			runOnlyForDeploymentPostprocessing = 0;
		};
/* End PBXSourcesBuildPhase section */

/* Begin PBXTargetDependency section */
		8576B1EB2347C6340073A0F6 /* PBXTargetDependency */ = {
			isa = PBXTargetDependency;
			target = 8576B1D22347C6320073A0F6 /* Photo_Assesment */;
			targetProxy = 8576B1EA2347C6340073A0F6 /* PBXContainerItemProxy */;
		};
/* End PBXTargetDependency section */

/* Begin PBXVariantGroup section */
		8576B1DC2347C6320073A0F6 /* Main.storyboard */ = {
			isa = PBXVariantGroup;
			children = (
				8576B1DD2347C6320073A0F6 /* Base */,
			);
			name = Main.storyboard;
			sourceTree = "<group>";
		};
		8576B1E12347C6330073A0F6 /* LaunchScreen.storyboard */ = {
			isa = PBXVariantGroup;
			children = (
				8576B1E22347C6330073A0F6 /* Base */,
			);
			name = LaunchScreen.storyboard;
			sourceTree = "<group>";
		};
/* End PBXVariantGroup section */

/* Begin XCBuildConfiguration section */
		8576B1F02347C6340073A0F6 /* Debug */ = {
			isa = XCBuildConfiguration;
			buildSettings = {
				ALWAYS_SEARCH_USER_PATHS = NO;
				CLANG_ANALYZER_NONNULL = YES;
				CLANG_ANALYZER_NUMBER_OBJECT_CONVERSION = YES_AGGRESSIVE;
				CLANG_CXX_LANGUAGE_STANDARD = "gnu++14";
				CLANG_CXX_LIBRARY = "libc++";
				CLANG_ENABLE_MODULES = YES;
				CLANG_ENABLE_OBJC_ARC = YES;
				CLANG_ENABLE_OBJC_WEAK = YES;
				CLANG_WARN_BLOCK_CAPTURE_AUTORELEASING = YES;
				CLANG_WARN_BOOL_CONVERSION = YES;
				CLANG_WARN_COMMA = YES;
				CLANG_WARN_CONSTANT_CONVERSION = YES;
				CLANG_WARN_DEPRECATED_OBJC_IMPLEMENTATIONS = YES;
				CLANG_WARN_DIRECT_OBJC_ISA_USAGE = YES_ERROR;
				CLANG_WARN_DOCUMENTATION_COMMENTS = YES;
				CLANG_WARN_EMPTY_BODY = YES;
				CLANG_WARN_ENUM_CONVERSION = YES;
				CLANG_WARN_INFINITE_RECURSION = YES;
				CLANG_WARN_INT_CONVERSION = YES;
				CLANG_WARN_NON_LITERAL_NULL_CONVERSION = YES;
				CLANG_WARN_OBJC_IMPLICIT_RETAIN_SELF = YES;
				CLANG_WARN_OBJC_LITERAL_CONVERSION = YES;
				CLANG_WARN_OBJC_ROOT_CLASS = YES_ERROR;
				CLANG_WARN_RANGE_LOOP_ANALYSIS = YES;
				CLANG_WARN_STRICT_PROTOTYPES = YES;
				CLANG_WARN_SUSPICIOUS_MOVE = YES;
				CLANG_WARN_UNGUARDED_AVAILABILITY = YES_AGGRESSIVE;
				CLANG_WARN_UNREACHABLE_CODE = YES;
				CLANG_WARN__DUPLICATE_METHOD_MATCH = YES;
				COPY_PHASE_STRIP = NO;
				DEBUG_INFORMATION_FORMAT = dwarf;
				ENABLE_STRICT_OBJC_MSGSEND = YES;
				ENABLE_TESTABILITY = YES;
				GCC_C_LANGUAGE_STANDARD = gnu11;
				GCC_DYNAMIC_NO_PIC = NO;
				GCC_NO_COMMON_BLOCKS = YES;
				GCC_OPTIMIZATION_LEVEL = 0;
				GCC_PREPROCESSOR_DEFINITIONS = (
					"DEBUG=1",
					"$(inherited)",
				);
				GCC_WARN_64_TO_32_BIT_CONVERSION = YES;
				GCC_WARN_ABOUT_RETURN_TYPE = YES_ERROR;
				GCC_WARN_UNDECLARED_SELECTOR = YES;
				GCC_WARN_UNINITIALIZED_AUTOS = YES_AGGRESSIVE;
				GCC_WARN_UNUSED_FUNCTION = YES;
				GCC_WARN_UNUSED_VARIABLE = YES;
				IPHONEOS_DEPLOYMENT_TARGET = 13.0;
				MTL_ENABLE_DEBUG_INFO = INCLUDE_SOURCE;
				MTL_FAST_MATH = YES;
				ONLY_ACTIVE_ARCH = YES;
				SDKROOT = iphoneos;
				SWIFT_ACTIVE_COMPILATION_CONDITIONS = DEBUG;
				SWIFT_OPTIMIZATION_LEVEL = "-Onone";
			};
			name = Debug;
		};
		8576B1F12347C6340073A0F6 /* Release */ = {
			isa = XCBuildConfiguration;
			buildSettings = {
				ALWAYS_SEARCH_USER_PATHS = NO;
				CLANG_ANALYZER_NONNULL = YES;
				CLANG_ANALYZER_NUMBER_OBJECT_CONVERSION = YES_AGGRESSIVE;
				CLANG_CXX_LANGUAGE_STANDARD = "gnu++14";
				CLANG_CXX_LIBRARY = "libc++";
				CLANG_ENABLE_MODULES = YES;
				CLANG_ENABLE_OBJC_ARC = YES;
				CLANG_ENABLE_OBJC_WEAK = YES;
				CLANG_WARN_BLOCK_CAPTURE_AUTORELEASING = YES;
				CLANG_WARN_BOOL_CONVERSION = YES;
				CLANG_WARN_COMMA = YES;
				CLANG_WARN_CONSTANT_CONVERSION = YES;
				CLANG_WARN_DEPRECATED_OBJC_IMPLEMENTATIONS = YES;
				CLANG_WARN_DIRECT_OBJC_ISA_USAGE = YES_ERROR;
				CLANG_WARN_DOCUMENTATION_COMMENTS = YES;
				CLANG_WARN_EMPTY_BODY = YES;
				CLANG_WARN_ENUM_CONVERSION = YES;
				CLANG_WARN_INFINITE_RECURSION = YES;
				CLANG_WARN_INT_CONVERSION = YES;
				CLANG_WARN_NON_LITERAL_NULL_CONVERSION = YES;
				CLANG_WARN_OBJC_IMPLICIT_RETAIN_SELF = YES;
				CLANG_WARN_OBJC_LITERAL_CONVERSION = YES;
				CLANG_WARN_OBJC_ROOT_CLASS = YES_ERROR;
				CLANG_WARN_RANGE_LOOP_ANALYSIS = YES;
				CLANG_WARN_STRICT_PROTOTYPES = YES;
				CLANG_WARN_SUSPICIOUS_MOVE = YES;
				CLANG_WARN_UNGUARDED_AVAILABILITY = YES_AGGRESSIVE;
				CLANG_WARN_UNREACHABLE_CODE = YES;
				CLANG_WARN__DUPLICATE_METHOD_MATCH = YES;
				COPY_PHASE_STRIP = NO;
				DEBUG_INFORMATION_FORMAT = "dwarf-with-dsym";
				ENABLE_NS_ASSERTIONS = NO;
				ENABLE_STRICT_OBJC_MSGSEND = YES;
				GCC_C_LANGUAGE_STANDARD = gnu11;
				GCC_NO_COMMON_BLOCKS = YES;
				GCC_WARN_64_TO_32_BIT_CONVERSION = YES;
				GCC_WARN_ABOUT_RETURN_TYPE = YES_ERROR;
				GCC_WARN_UNDECLARED_SELECTOR = YES;
				GCC_WARN_UNINITIALIZED_AUTOS = YES_AGGRESSIVE;
				GCC_WARN_UNUSED_FUNCTION = YES;
				GCC_WARN_UNUSED_VARIABLE = YES;
				IPHONEOS_DEPLOYMENT_TARGET = 13.0;
				MTL_ENABLE_DEBUG_INFO = NO;
				MTL_FAST_MATH = YES;
				SDKROOT = iphoneos;
				SWIFT_COMPILATION_MODE = wholemodule;
				SWIFT_OPTIMIZATION_LEVEL = "-O";
				VALIDATE_PRODUCT = YES;
			};
			name = Release;
		};
		8576B1F32347C6340073A0F6 /* Debug */ = {
			isa = XCBuildConfiguration;
			buildSettings = {
				ASSETCATALOG_COMPILER_APPICON_NAME = AppIcon;
				CODE_SIGN_STYLE = Automatic;
				INFOPLIST_FILE = Photo_Assesment/Info.plist;
				LD_RUNPATH_SEARCH_PATHS = (
					"$(inherited)",
					"@executable_path/Frameworks",
				);
				PRODUCT_BUNDLE_IDENTIFIER = "practice.Photo-Assesment";
				PRODUCT_NAME = "$(TARGET_NAME)";
				SWIFT_VERSION = 5.0;
				TARGETED_DEVICE_FAMILY = "1,2";
			};
			name = Debug;
		};
		8576B1F42347C6340073A0F6 /* Release */ = {
			isa = XCBuildConfiguration;
			buildSettings = {
				ASSETCATALOG_COMPILER_APPICON_NAME = AppIcon;
				CODE_SIGN_STYLE = Automatic;
				INFOPLIST_FILE = Photo_Assesment/Info.plist;
				LD_RUNPATH_SEARCH_PATHS = (
					"$(inherited)",
					"@executable_path/Frameworks",
				);
				PRODUCT_BUNDLE_IDENTIFIER = "practice.Photo-Assesment";
				PRODUCT_NAME = "$(TARGET_NAME)";
				SWIFT_VERSION = 5.0;
				TARGETED_DEVICE_FAMILY = "1,2";
			};
			name = Release;
		};
		8576B1F62347C6340073A0F6 /* Debug */ = {
			isa = XCBuildConfiguration;
			buildSettings = {
				ALWAYS_EMBED_SWIFT_STANDARD_LIBRARIES = YES;
				BUNDLE_LOADER = "$(TEST_HOST)";
				CODE_SIGN_STYLE = Automatic;
				INFOPLIST_FILE = Photo_AssesmentTests/Info.plist;
				IPHONEOS_DEPLOYMENT_TARGET = 13.0;
				LD_RUNPATH_SEARCH_PATHS = (
					"$(inherited)",
					"@executable_path/Frameworks",
					"@loader_path/Frameworks",
				);
				PRODUCT_BUNDLE_IDENTIFIER = "practice.Photo-AssesmentTests";
				PRODUCT_NAME = "$(TARGET_NAME)";
				SWIFT_VERSION = 5.0;
				TARGETED_DEVICE_FAMILY = "1,2";
				TEST_HOST = "$(BUILT_PRODUCTS_DIR)/Photo_Assesment.app/Photo_Assesment";
			};
			name = Debug;
		};
		8576B1F72347C6340073A0F6 /* Release */ = {
			isa = XCBuildConfiguration;
			buildSettings = {
				ALWAYS_EMBED_SWIFT_STANDARD_LIBRARIES = YES;
				BUNDLE_LOADER = "$(TEST_HOST)";
				CODE_SIGN_STYLE = Automatic;
				INFOPLIST_FILE = Photo_AssesmentTests/Info.plist;
				IPHONEOS_DEPLOYMENT_TARGET = 13.0;
				LD_RUNPATH_SEARCH_PATHS = (
					"$(inherited)",
					"@executable_path/Frameworks",
					"@loader_path/Frameworks",
				);
				PRODUCT_BUNDLE_IDENTIFIER = "practice.Photo-AssesmentTests";
				PRODUCT_NAME = "$(TARGET_NAME)";
				SWIFT_VERSION = 5.0;
				TARGETED_DEVICE_FAMILY = "1,2";
				TEST_HOST = "$(BUILT_PRODUCTS_DIR)/Photo_Assesment.app/Photo_Assesment";
			};
			name = Release;
		};
/* End XCBuildConfiguration section */

/* Begin XCConfigurationList section */
		8576B1CE2347C6320073A0F6 /* Build configuration list for PBXProject "Photo_Assesment" */ = {
			isa = XCConfigurationList;
			buildConfigurations = (
				8576B1F02347C6340073A0F6 /* Debug */,
				8576B1F12347C6340073A0F6 /* Release */,
			);
			defaultConfigurationIsVisible = 0;
			defaultConfigurationName = Release;
		};
		8576B1F22347C6340073A0F6 /* Build configuration list for PBXNativeTarget "Photo_Assesment" */ = {
			isa = XCConfigurationList;
			buildConfigurations = (
				8576B1F32347C6340073A0F6 /* Debug */,
				8576B1F42347C6340073A0F6 /* Release */,
			);
			defaultConfigurationIsVisible = 0;
			defaultConfigurationName = Release;
		};
		8576B1F52347C6340073A0F6 /* Build configuration list for PBXNativeTarget "Photo_AssesmentTests" */ = {
			isa = XCConfigurationList;
			buildConfigurations = (
				8576B1F62347C6340073A0F6 /* Debug */,
				8576B1F72347C6340073A0F6 /* Release */,
			);
			defaultConfigurationIsVisible = 0;
			defaultConfigurationName = Release;
		};
/* End XCConfigurationList section */
	};
	rootObject = 8576B1CB2347C6320073A0F6 /* Project object */;
}
